
Microsoft Visual Studio Solution File, Format Version 12.00
# Visual Studio Version 16
VisualStudioVersion = 16.0.31829.152
MinimumVisualStudioVersion = 10.0.40219.1
Project("{FAE04EC0-301F-11D3-BF4B-00C04F79EFBC}") = "Projeto.Dominio", "Projeto.Domain\Projeto.Dominio.csproj", "{4A91C2C6-7B28-48D8-A712-4763814FA087}"
EndProject
Project("{FAE04EC0-301F-11D3-BF4B-00C04F79EFBC}") = "Projeto.API", "Projeto.API\Projeto.API.csproj", "{315FD582-363B-4460-9848-500E69E77913}"
EndProject
Project("{FAE04EC0-301F-11D3-BF4B-00C04F79EFBC}") = "Projeto.Repositorio", "Projeto.Repositorios\Projeto.Repositorio.csproj", "{D6AB5B99-9D17-4404-B26C-C8141B0967E6}"
EndProject
Project("{FAE04EC0-301F-11D3-BF4B-00C04F79EFBC}") = "Projeto.Utilitarios", "Projeto.Utilitarios\Projeto.Utilitarios.csproj", "{EFC22A28-ECA0-4DAF-83E1-AF6E27DD5E94}"
EndProject
Global
	GlobalSection(SolutionConfigurationPlatforms) = preSolution
		Debug|Any CPU = Debug|Any CPU
		Release|Any CPU = Release|Any CPU
	EndGlobalSection
	GlobalSection(ProjectConfigurationPlatforms) = postSolution
		{4A91C2C6-7B28-48D8-A712-4763814FA087}.Debug|Any CPU.ActiveCfg = Debug|Any CPU
		{4A91C2C6-7B28-48D8-A712-4763814FA087}.Debug|Any CPU.Build.0 = Debug|Any CPU
		{4A91C2C6-7B28-48D8-A712-4763814FA087}.Release|Any CPU.ActiveCfg = Release|Any CPU
		{4A91C2C6-7B28-48D8-A712-4763814FA087}.Release|Any CPU.Build.0 = Release|Any CPU
		{315FD582-363B-4460-9848-500E69E77913}.Debug|Any CPU.ActiveCfg = Debug|Any CPU
		{315FD582-363B-4460-9848-500E69E77913}.Debug|Any CPU.Build.0 = Debug|Any CPU
		{315FD582-363B-4460-9848-500E69E77913}.Release|Any CPU.ActiveCfg = Release|Any CPU
		{315FD582-363B-4460-9848-500E69E77913}.Release|Any CPU.Build.0 = Release|Any CPU
		{D6AB5B99-9D17-4404-B26C-C8141B0967E6}.Debug|Any CPU.ActiveCfg = Debug|Any CPU
		{D6AB5B99-9D17-4404-B26C-C8141B0967E6}.Debug|Any CPU.Build.0 = Debug|Any CPU
		{D6AB5B99-9D17-4404-B26C-C8141B0967E6}.Release|Any CPU.ActiveCfg = Release|Any CPU
		{D6AB5B99-9D17-4404-B26C-C8141B0967E6}.Release|Any CPU.Build.0 = Release|Any CPU
		{EFC22A28-ECA0-4DAF-83E1-AF6E27DD5E94}.Debug|Any CPU.ActiveCfg = Debug|Any CPU
		{EFC22A28-ECA0-4DAF-83E1-AF6E27DD5E94}.Debug|Any CPU.Build.0 = Debug|Any CPU
		{EFC22A28-ECA0-4DAF-83E1-AF6E27DD5E94}.Release|Any CPU.ActiveCfg = Release|Any CPU
		{EFC22A28-ECA0-4DAF-83E1-AF6E27DD5E94}.Release|Any CPU.Build.0 = Release|Any CPU
	EndGlobalSection
	GlobalSection(SolutionProperties) = preSolution
		HideSolutionNode = FALSE
	EndGlobalSection
	GlobalSection(ExtensibilityGlobals) = postSolution
		SolutionGuid = {0EB27651-4BE8-4072-A68F-8F2676242304}
	EndGlobalSection
EndGlobal
